
Microsoft Visual Studio Solution File, Format Version 12.00
# Visual Studio Version 17
VisualStudioVersion = 17.10.35027.167
MinimumVisualStudioVersion = 10.0.40219.1
Project("{8BC9CEB8-8B4A-11D0-8D11-00A0C91BC942}") = "HookTool", "HookTool.vcxproj", "{34322F5F-D6E7-4123-80A8-5D34B6ABCBEE}"
EndProject
Global
	GlobalSection(SolutionConfigurationPlatforms) = preSolution
		Debug|x64 = Debug|x64
		Debug|x86 = Debug|x86
		Release|x64 = Release|x64
		Release|x86 = Release|x86
	EndGlobalSection
	GlobalSection(ProjectConfigurationPlatforms) = postSolution
		{34322F5F-D6E7-4123-80A8-5D34B6ABCBEE}.Debug|x64.ActiveCfg = Debug|x64
		{34322F5F-D6E7-4123-80A8-5D34B6ABCBEE}.Debug|x64.Build.0 = Debug|x64
		{34322F5F-D6E7-4123-80A8-5D34B6ABCBEE}.Debug|x86.ActiveCfg = Debug|Win32
		{34322F5F-D6E7-4123-80A8-5D34B6ABCBEE}.Debug|x86.Build.0 = Debug|Win32
		{34322F5F-D6E7-4123-80A8-5D34B6ABCBEE}.Release|x64.ActiveCfg = Release|x64
		{34322F5F-D6E7-4123-80A8-5D34B6ABCBEE}.Release|x64.Build.0 = Release|x64
		{34322F5F-D6E7-4123-80A8-5D34B6ABCBEE}.Release|x86.ActiveCfg = Release|Win32
		{34322F5F-D6E7-4123-80A8-5D34B6ABCBEE}.Release|x86.Build.0 = Release|Win32
	EndGlobalSection
	GlobalSection(SolutionProperties) = preSolution
		HideSolutionNode = FALSE
	EndGlobalSection
	GlobalSection(ExtensibilityGlobals) = postSolution
		SolutionGuid = {FE8BB6C4-E5D3-492A-B39F-A92C400F5E45}
	EndGlobalSection
EndGlobal
